
Microsoft Visual Studio Solution File, Format Version 12.00
# Visual Studio Version 17
VisualStudioVersion = 17.7.34031.279
MinimumVisualStudioVersion = 10.0.40219.1
Project("{9A19103F-16F7-4668-BE54-9A1E7A4F7556}") = "Csharp", "Csharp\Csharp.csproj", "{76B3C443-D955-46A5-8293-5C2E04E2A8C8}"
	ProjectSection(ProjectDependencies) = postProject
		{03B7E32E-22A1-46E0-8F51-27E3928A7343} = {03B7E32E-22A1-46E0-8F51-27E3928A7343}
		{7B766E8D-EC14-401F-B215-183C54D90121} = {7B766E8D-EC14-401F-B215-183C54D90121}
	EndProjectSection
EndProject
Project("{8BC9CEB8-8B4A-11D0-8D11-00A0C91BC942}") = "TestCpp", "TestCpp\TestCpp.vcxproj", "{03B7E32E-22A1-46E0-8F51-27E3928A7343}"
EndProject
Project("{8BC9CEB8-8B4A-11D0-8D11-00A0C91BC942}") = "TestCpp", "Swig\Swig.vcxproj", "{7B766E8D-EC14-401F-B215-183C54D90121}"
	ProjectSection(ProjectDependencies) = postProject
		{03B7E32E-22A1-46E0-8F51-27E3928A7343} = {03B7E32E-22A1-46E0-8F51-27E3928A7343}
	EndProjectSection
EndProject
Project("{9A19103F-16F7-4668-BE54-9A1E7A4F7556}") = "TestApp", "TestApp\TestApp.csproj", "{86504089-1927-4DB4-A64A-8CC032D09A53}"
EndProject
Project("{2150E333-8FDC-42A3-9474-1A3956D46DE8}") = "Wrapper", "Wrapper", "{9DB6018E-2EDF-4DDB-83A4-78593A1DE695}"
EndProject
Global
	GlobalSection(SolutionConfigurationPlatforms) = preSolution
		Debug|x64 = Debug|x64
		Release|x64 = Release|x64
	EndGlobalSection
	GlobalSection(ProjectConfigurationPlatforms) = postSolution
		{76B3C443-D955-46A5-8293-5C2E04E2A8C8}.Debug|x64.ActiveCfg = Debug|x64
		{76B3C443-D955-46A5-8293-5C2E04E2A8C8}.Debug|x64.Build.0 = Debug|x64
		{76B3C443-D955-46A5-8293-5C2E04E2A8C8}.Release|x64.ActiveCfg = Release|x64
		{76B3C443-D955-46A5-8293-5C2E04E2A8C8}.Release|x64.Build.0 = Release|x64
		{03B7E32E-22A1-46E0-8F51-27E3928A7343}.Debug|x64.ActiveCfg = Debug|x64
		{03B7E32E-22A1-46E0-8F51-27E3928A7343}.Debug|x64.Build.0 = Debug|x64
		{03B7E32E-22A1-46E0-8F51-27E3928A7343}.Release|x64.ActiveCfg = Release|x64
		{03B7E32E-22A1-46E0-8F51-27E3928A7343}.Release|x64.Build.0 = Release|x64
		{7B766E8D-EC14-401F-B215-183C54D90121}.Debug|x64.ActiveCfg = Debug|x64
		{7B766E8D-EC14-401F-B215-183C54D90121}.Debug|x64.Build.0 = Debug|x64
		{7B766E8D-EC14-401F-B215-183C54D90121}.Release|x64.ActiveCfg = Release|x64
		{7B766E8D-EC14-401F-B215-183C54D90121}.Release|x64.Build.0 = Release|x64
		{86504089-1927-4DB4-A64A-8CC032D09A53}.Debug|x64.ActiveCfg = Debug|x64
		{86504089-1927-4DB4-A64A-8CC032D09A53}.Debug|x64.Build.0 = Debug|x64
		{86504089-1927-4DB4-A64A-8CC032D09A53}.Release|x64.ActiveCfg = Release|Any CPU
		{86504089-1927-4DB4-A64A-8CC032D09A53}.Release|x64.Build.0 = Release|Any CPU
	EndGlobalSection
	GlobalSection(SolutionProperties) = preSolution
		HideSolutionNode = FALSE
	EndGlobalSection
	GlobalSection(NestedProjects) = preSolution
		{76B3C443-D955-46A5-8293-5C2E04E2A8C8} = {9DB6018E-2EDF-4DDB-83A4-78593A1DE695}
		{7B766E8D-EC14-401F-B215-183C54D90121} = {9DB6018E-2EDF-4DDB-83A4-78593A1DE695}
	EndGlobalSection
	GlobalSection(ExtensibilityGlobals) = postSolution
		SolutionGuid = {A297BDB8-2860-402D-83C7-1C635CC9A08F}
	EndGlobalSection
EndGlobal
